
Microsoft Visual Studio Solution File, Format Version 12.00
# Visual Studio Version 17
VisualStudioVersion = 17.10.35027.167
MinimumVisualStudioVersion = 10.0.40219.1
Project("{FAE04EC0-301F-11D3-BF4B-00C04F79EFBC}") = "pryDiesenbergGUI-1209", "pryDiesenbergGUI-1209\pryDiesenbergGUI-1209.csproj", "{14F96936-F65C-4974-81B1-113AB9F47B92}"
EndProject
Global
	GlobalSection(SolutionConfigurationPlatforms) = preSolution
		Debug|Any CPU = Debug|Any CPU
		Release|Any CPU = Release|Any CPU
	EndGlobalSection
	GlobalSection(ProjectConfigurationPlatforms) = postSolution
		{14F96936-F65C-4974-81B1-113AB9F47B92}.Debug|Any CPU.ActiveCfg = Debug|Any CPU
		{14F96936-F65C-4974-81B1-113AB9F47B92}.Debug|Any CPU.Build.0 = Debug|Any CPU
		{14F96936-F65C-4974-81B1-113AB9F47B92}.Release|Any CPU.ActiveCfg = Release|Any CPU
		{14F96936-F65C-4974-81B1-113AB9F47B92}.Release|Any CPU.Build.0 = Release|Any CPU
	EndGlobalSection
	GlobalSection(SolutionProperties) = preSolution
		HideSolutionNode = FALSE
	EndGlobalSection
	GlobalSection(ExtensibilityGlobals) = postSolution
		SolutionGuid = {96B41E25-E3EF-4F0E-B725-61B3BC70DA4E}
	EndGlobalSection
EndGlobal
